
Microsoft Visual Studio Solution File, Format Version 12.00
# Visual Studio Version 17
VisualStudioVersion = 17.5.33516.290
MinimumVisualStudioVersion = 10.0.40219.1
Project("{FAE04EC0-301F-11D3-BF4B-00C04F79EFBC}") = "Laboratorio#2 Programacion1", "Laboratorio#2 Programacion1.csproj", "{92B6224D-88AF-4454-934D-4C3BCBC6F619}"
EndProject
Global
	GlobalSection(SolutionConfigurationPlatforms) = preSolution
		Debug|Any CPU = Debug|Any CPU
		Release|Any CPU = Release|Any CPU
	EndGlobalSection
	GlobalSection(ProjectConfigurationPlatforms) = postSolution
		{92B6224D-88AF-4454-934D-4C3BCBC6F619}.Debug|Any CPU.ActiveCfg = Debug|Any CPU
		{92B6224D-88AF-4454-934D-4C3BCBC6F619}.Debug|Any CPU.Build.0 = Debug|Any CPU
		{92B6224D-88AF-4454-934D-4C3BCBC6F619}.Release|Any CPU.ActiveCfg = Release|Any CPU
		{92B6224D-88AF-4454-934D-4C3BCBC6F619}.Release|Any CPU.Build.0 = Release|Any CPU
	EndGlobalSection
	GlobalSection(SolutionProperties) = preSolution
		HideSolutionNode = FALSE
	EndGlobalSection
	GlobalSection(ExtensibilityGlobals) = postSolution
		SolutionGuid = {794FA4C0-5B7E-4233-95B9-7D3CD941175D}
	EndGlobalSection
EndGlobal
